
Microsoft Visual Studio Solution File, Format Version 12.00
# Visual Studio Version 16
VisualStudioVersion = 16.0.29613.14
MinimumVisualStudioVersion = 10.0.40219.1
Project("{FAE04EC0-301F-11D3-BF4B-00C04F79EFBC}") = "ApiGetTest", "ApiGetTest.csproj", "{868545E8-297A-4D2D-9CCB-409F6C76BF6A}"
EndProject
Global
	GlobalSection(SolutionConfigurationPlatforms) = preSolution
		Debug|Any CPU = Debug|Any CPU
		Release|Any CPU = Release|Any CPU
	EndGlobalSection
	GlobalSection(ProjectConfigurationPlatforms) = postSolution
		{868545E8-297A-4D2D-9CCB-409F6C76BF6A}.Debug|Any CPU.ActiveCfg = Debug|Any CPU
		{868545E8-297A-4D2D-9CCB-409F6C76BF6A}.Debug|Any CPU.Build.0 = Debug|Any CPU
		{868545E8-297A-4D2D-9CCB-409F6C76BF6A}.Release|Any CPU.ActiveCfg = Release|Any CPU
		{868545E8-297A-4D2D-9CCB-409F6C76BF6A}.Release|Any CPU.Build.0 = Release|Any CPU
	EndGlobalSection
	GlobalSection(SolutionProperties) = preSolution
		HideSolutionNode = FALSE
	EndGlobalSection
	GlobalSection(ExtensibilityGlobals) = postSolution
		SolutionGuid = {36CA1AE1-7089-4245-BD17-DC8D8781CC1B}
	EndGlobalSection
EndGlobal
